
Microsoft Visual Studio Solution File, Format Version 12.00
# Visual Studio 14
VisualStudioVersion = 14.0.25420.1
MinimumVisualStudioVersion = 10.0.40219.1
Project("{F2A71F9B-5D33-465A-A702-920D77279786}") = "HackerRank.Functional", "HackerRank.Functional\HackerRank.Functional.fsproj", "{EA3BB92F-BA2C-4428-967A-F38FB63E75AC}"
EndProject
Project("{FAE04EC0-301F-11D3-BF4B-00C04F79EFBC}") = "HackerRank.Imperative", "HackerRank.Imperative\HackerRank.Imperative.csproj", "{F1AC2051-7792-46ED-AA4D-29E65480A453}"
EndProject
Project("{FAE04EC0-301F-11D3-BF4B-00C04F79EFBC}") = "HackerRank.Tests", "HackerRank.Imperative.Tests\HackerRank.Tests.csproj", "{E146730C-48BE-4639-8E99-EAAC199F50F0}"
EndProject
Global
	GlobalSection(SolutionConfigurationPlatforms) = preSolution
		Debug|Any CPU = Debug|Any CPU
		Release|Any CPU = Release|Any CPU
	EndGlobalSection
	GlobalSection(ProjectConfigurationPlatforms) = postSolution
		{EA3BB92F-BA2C-4428-967A-F38FB63E75AC}.Debug|Any CPU.ActiveCfg = Debug|Any CPU
		{EA3BB92F-BA2C-4428-967A-F38FB63E75AC}.Debug|Any CPU.Build.0 = Debug|Any CPU
		{EA3BB92F-BA2C-4428-967A-F38FB63E75AC}.Release|Any CPU.ActiveCfg = Release|Any CPU
		{EA3BB92F-BA2C-4428-967A-F38FB63E75AC}.Release|Any CPU.Build.0 = Release|Any CPU
		{F1AC2051-7792-46ED-AA4D-29E65480A453}.Debug|Any CPU.ActiveCfg = Debug|Any CPU
		{F1AC2051-7792-46ED-AA4D-29E65480A453}.Debug|Any CPU.Build.0 = Debug|Any CPU
		{F1AC2051-7792-46ED-AA4D-29E65480A453}.Release|Any CPU.ActiveCfg = Release|Any CPU
		{F1AC2051-7792-46ED-AA4D-29E65480A453}.Release|Any CPU.Build.0 = Release|Any CPU
		{E146730C-48BE-4639-8E99-EAAC199F50F0}.Debug|Any CPU.ActiveCfg = Debug|Any CPU
		{E146730C-48BE-4639-8E99-EAAC199F50F0}.Debug|Any CPU.Build.0 = Debug|Any CPU
		{E146730C-48BE-4639-8E99-EAAC199F50F0}.Release|Any CPU.ActiveCfg = Release|Any CPU
		{E146730C-48BE-4639-8E99-EAAC199F50F0}.Release|Any CPU.Build.0 = Release|Any CPU
	EndGlobalSection
	GlobalSection(SolutionProperties) = preSolution
		HideSolutionNode = FALSE
	EndGlobalSection
EndGlobal
